
Microsoft Visual Studio Solution File, Format Version 12.00
# Visual Studio Version 17
VisualStudioVersion = 17.7.34031.279
MinimumVisualStudioVersion = 10.0.40219.1
Project("{FAE04EC0-301F-11D3-BF4B-00C04F79EFBC}") = "coba kalkulator", "coba kalkulator\coba kalkulator.csproj", "{F1660DAC-AF4B-4B8F-AD75-88126B5AB0EC}"
EndProject
Global
	GlobalSection(SolutionConfigurationPlatforms) = preSolution
		Debug|Any CPU = Debug|Any CPU
		Release|Any CPU = Release|Any CPU
	EndGlobalSection
	GlobalSection(ProjectConfigurationPlatforms) = postSolution
		{F1660DAC-AF4B-4B8F-AD75-88126B5AB0EC}.Debug|Any CPU.ActiveCfg = Debug|Any CPU
		{F1660DAC-AF4B-4B8F-AD75-88126B5AB0EC}.Debug|Any CPU.Build.0 = Debug|Any CPU
		{F1660DAC-AF4B-4B8F-AD75-88126B5AB0EC}.Release|Any CPU.ActiveCfg = Release|Any CPU
		{F1660DAC-AF4B-4B8F-AD75-88126B5AB0EC}.Release|Any CPU.Build.0 = Release|Any CPU
	EndGlobalSection
	GlobalSection(SolutionProperties) = preSolution
		HideSolutionNode = FALSE
	EndGlobalSection
	GlobalSection(ExtensibilityGlobals) = postSolution
		SolutionGuid = {E3C0DB0E-6EEB-4F38-B3DC-588FC397B3CC}
	EndGlobalSection
EndGlobal
